// !$*UTF8*$!
{
	archiveVersion = 1;
	classes = {
	};
	objectVersion = 50;
	objects = {

/* Begin PBXBuildFile section */
		B5C5D0282549FE9300CC030D /* AppDelegate.swift in Sources */ = {isa = PBXBuildFile; fileRef = B5C5D0272549FE9300CC030D /* AppDelegate.swift */; };
		B5C5D02A2549FE9300CC030D /* SceneDelegate.swift in Sources */ = {isa = PBXBuildFile; fileRef = B5C5D0292549FE9300CC030D /* SceneDelegate.swift */; };
		B5C5D02C2549FE9300CC030D /* ContentView.swift in Sources */ = {isa = PBXBuildFile; fileRef = B5C5D02B2549FE9300CC030D /* ContentView.swift */; };
		B5C5D02E2549FE9500CC030D /* Assets.xcassets in Resources */ = {isa = PBXBuildFile; fileRef = B5C5D02D2549FE9500CC030D /* Assets.xcassets */; };
		B5C5D0312549FE9500CC030D /* Preview Assets.xcassets in Resources */ = {isa = PBXBuildFile; fileRef = B5C5D0302549FE9500CC030D /* Preview Assets.xcassets */; };
		B5C5D0342549FE9500CC030D /* LaunchScreen.storyboard in Resources */ = {isa = PBXBuildFile; fileRef = B5C5D0322549FE9500CC030D /* LaunchScreen.storyboard */; };
		B5C5D03D254A018700CC030D /* UISlider.swift in Sources */ = {isa = PBXBuildFile; fileRef = B5C5D03C254A018700CC030D /* UISlider.swift */; };
		B5C5D044254A1C5600CC030D /* ButtonValue.swift in Sources */ = {isa = PBXBuildFile; fileRef = B5C5D043254A1C5600CC030D /* ButtonValue.swift */; };
/* End PBXBuildFile section */

/* Begin PBXFileReference section */
		B5C5D0242549FE9300CC030D /* transitSwiftUIApp.app */ = {isa = PBXFileReference; explicitFileType = wrapper.application; includeInIndex = 0; path = transitSwiftUIApp.app; sourceTree = BUILT_PRODUCTS_DIR; };
		B5C5D0272549FE9300CC030D /* AppDelegate.swift */ = {isa = PBXFileReference; lastKnownFileType = sourcecode.swift; path = AppDelegate.swift; sourceTree = "<group>"; };
		B5C5D0292549FE9300CC030D /* SceneDelegate.swift */ = {isa = PBXFileReference; lastKnownFileType = sourcecode.swift; path = SceneDelegate.swift; sourceTree = "<group>"; };
		B5C5D02B2549FE9300CC030D /* ContentView.swift */ = {isa = PBXFileReference; lastKnownFileType = sourcecode.swift; path = ContentView.swift; sourceTree = "<group>"; };
		B5C5D02D2549FE9500CC030D /* Assets.xcassets */ = {isa = PBXFileReference; lastKnownFileType = folder.assetcatalog; path = Assets.xcassets; sourceTree = "<group>"; };
		B5C5D0302549FE9500CC030D /* Preview Assets.xcassets */ = {isa = PBXFileReference; lastKnownFileType = folder.assetcatalog; path = "Preview Assets.xcassets"; sourceTree = "<group>"; };
		B5C5D0332549FE9500CC030D /* Base */ = {isa = PBXFileReference; lastKnownFileType = file.storyboard; name = Base; path = Base.lproj/LaunchScreen.storyboard; sourceTree = "<group>"; };
		B5C5D0352549FE9500CC030D /* Info.plist */ = {isa = PBXFileReference; lastKnownFileType = text.plist.xml; path = Info.plist; sourceTree = "<group>"; };
		B5C5D03C254A018700CC030D /* UISlider.swift */ = {isa = PBXFileReference; lastKnownFileType = sourcecode.swift; path = UISlider.swift; sourceTree = "<group>"; };
		B5C5D043254A1C5600CC030D /* ButtonValue.swift */ = {isa = PBXFileReference; lastKnownFileType = sourcecode.swift; path = ButtonValue.swift; sourceTree = "<group>"; };
/* End PBXFileReference section */

/* Begin PBXFrameworksBuildPhase section */
		B5C5D0212549FE9300CC030D /* Frameworks */ = {
			isa = PBXFrameworksBuildPhase;
			buildActionMask = 2147483647;
			files = (
			);
			runOnlyForDeploymentPostprocessing = 0;
		};
/* End PBXFrameworksBuildPhase section */

/* Begin PBXGroup section */
		B5C5D01B2549FE9300CC030D = {
			isa = PBXGroup;
			children = (
				B5C5D0262549FE9300CC030D /* transitSwiftUIApp */,
				B5C5D0252549FE9300CC030D /* Products */,
			);
			sourceTree = "<group>";
		};
		B5C5D0252549FE9300CC030D /* Products */ = {
			isa = PBXGroup;
			children = (
				B5C5D0242549FE9300CC030D /* transitSwiftUIApp.app */,
			);
			name = Products;
			sourceTree = "<group>";
		};
		B5C5D0262549FE9300CC030D /* transitSwiftUIApp */ = {
			isa = PBXGroup;
			children = (
				B5C5D0272549FE9300CC030D /* AppDelegate.swift */,
				B5C5D0292549FE9300CC030D /* SceneDelegate.swift */,
				B5C5D02B2549FE9300CC030D /* ContentView.swift */,
				B5C5D03C254A018700CC030D /* UISlider.swift */,
				B5C5D02D2549FE9500CC030D /* Assets.xcassets */,
				B5C5D0322549FE9500CC030D /* LaunchScreen.storyboard */,
				B5C5D0352549FE9500CC030D /* Info.plist */,
				B5C5D02F2549FE9500CC030D /* Preview Content */,
				B5C5D043254A1C5600CC030D /* ButtonValue.swift */,
			);
			path = transitSwiftUIApp;
			sourceTree = "<group>";
		};
		B5C5D02F2549FE9500CC030D /* Preview Content */ = {
			isa = PBXGroup;
			children = (
				B5C5D0302549FE9500CC030D /* Preview Assets.xcassets */,
			);
			path = "Preview Content";
			sourceTree = "<group>";
		};
/* End PBXGroup section */

/* Begin PBXNativeTarget section */
		B5C5D0232549FE9300CC030D /* transitSwiftUIApp */ = {
			isa = PBXNativeTarget;
			buildConfigurationList = B5C5D0382549FE9500CC030D /* Build configuration list for PBXNativeTarget "transitSwiftUIApp" */;
			buildPhases = (
				B5C5D0202549FE9300CC030D /* Sources */,
				B5C5D0212549FE9300CC030D /* Frameworks */,
				B5C5D0222549FE9300CC030D /* Resources */,
			);
			buildRules = (
			);
			dependencies = (
			);
			name = transitSwiftUIApp;
			productName = transitSwiftUIApp;
			productReference = B5C5D0242549FE9300CC030D /* transitSwiftUIApp.app */;
			productType = "com.apple.product-type.application";
		};
/* End PBXNativeTarget section */

/* Begin PBXProject section */
		B5C5D01C2549FE9300CC030D /* Project object */ = {
			isa = PBXProject;
			attributes = {
				LastSwiftUpdateCheck = 1210;
				LastUpgradeCheck = 1210;
				TargetAttributes = {
					B5C5D0232549FE9300CC030D = {
						CreatedOnToolsVersion = 12.1;
					};
				};
			};
			buildConfigurationList = B5C5D01F2549FE9300CC030D /* Build configuration list for PBXProject "transitSwiftUIApp" */;
			compatibilityVersion = "Xcode 9.3";
			developmentRegion = en;
			hasScannedForEncodings = 0;
			knownRegions = (
				en,
				Base,
			);
			mainGroup = B5C5D01B2549FE9300CC030D;
			productRefGroup = B5C5D0252549FE9300CC030D /* Products */;
			projectDirPath = "";
			projectRoot = "";
			targets = (
				B5C5D0232549FE9300CC030D /* transitSwiftUIApp */,
			);
		};
/* End PBXProject section */

/* Begin PBXResourcesBuildPhase section */
		B5C5D0222549FE9300CC030D /* Resources */ = {
			isa = PBXResourcesBuildPhase;
			buildActionMask = 2147483647;
			files = (
				B5C5D0342549FE9500CC030D /* LaunchScreen.storyboard in Resources */,
				B5C5D0312549FE9500CC030D /* Preview Assets.xcassets in Resources */,
				B5C5D02E2549FE9500CC030D /* Assets.xcassets in Resources */,
			);
			runOnlyForDeploymentPostprocessing = 0;
		};
/* End PBXResourcesBuildPhase section */

/* Begin PBXSourcesBuildPhase section */
		B5C5D0202549FE9300CC030D /* Sources */ = {
			isa = PBXSourcesBuildPhase;
			buildActionMask = 2147483647;
			files = (
				B5C5D0282549FE9300CC030D /* AppDelegate.swift in Sources */,
				B5C5D02A2549FE9300CC030D /* SceneDelegate.swift in Sources */,
				B5C5D03D254A018700CC030D /* UISlider.swift in Sources */,
				B5C5D02C2549FE9300CC030D /* ContentView.swift in Sources */,
				B5C5D044254A1C5600CC030D /* ButtonValue.swift in Sources */,
			);
			runOnlyForDeploymentPostprocessing = 0;
		};
/* End PBXSourcesBuildPhase section */

/* Begin PBXVariantGroup section */
		B5C5D0322549FE9500CC030D /* LaunchScreen.storyboard */ = {
			isa = PBXVariantGroup;
			children = (
				B5C5D0332549FE9500CC030D /* Base */,
			);
			name = LaunchScreen.storyboard;
			sourceTree = "<group>";
		};
/* End PBXVariantGroup section */

/* Begin XCBuildConfiguration section */
		B5C5D0362549FE9500CC030D /* Debug */ = {
			isa = XCBuildConfiguration;
			buildSettings = {
				ALWAYS_SEARCH_USER_PATHS = NO;
				CLANG_ANALYZER_NONNULL = YES;
				CLANG_ANALYZER_NUMBER_OBJECT_CONVERSION = YES_AGGRESSIVE;
				CLANG_CXX_LANGUAGE_STANDARD = "gnu++14";
				CLANG_CXX_LIBRARY = "libc++";
				CLANG_ENABLE_MODULES = YES;
				CLANG_ENABLE_OBJC_ARC = YES;
				CLANG_ENABLE_OBJC_WEAK = YES;
				CLANG_WARN_BLOCK_CAPTURE_AUTORELEASING = YES;
				CLANG_WARN_BOOL_CONVERSION = YES;
				CLANG_WARN_COMMA = YES;
				CLANG_WARN_CONSTANT_CONVERSION = YES;
				CLANG_WARN_DEPRECATED_OBJC_IMPLEMENTATIONS = YES;
				CLANG_WARN_DIRECT_OBJC_ISA_USAGE = YES_ERROR;
				CLANG_WARN_DOCUMENTATION_COMMENTS = YES;
				CLANG_WARN_EMPTY_BODY = YES;
				CLANG_WARN_ENUM_CONVERSION = YES;
				CLANG_WARN_INFINITE_RECURSION = YES;
				CLANG_WARN_INT_CONVERSION = YES;
				CLANG_WARN_NON_LITERAL_NULL_CONVERSION = YES;
				CLANG_WARN_OBJC_IMPLICIT_RETAIN_SELF = YES;
				CLANG_WARN_OBJC_LITERAL_CONVERSION = YES;
				CLANG_WARN_OBJC_ROOT_CLASS = YES_ERROR;
				CLANG_WARN_QUOTED_INCLUDE_IN_FRAMEWORK_HEADER = YES;
				CLANG_WARN_RANGE_LOOP_ANALYSIS = YES;
				CLANG_WARN_STRICT_PROTOTYPES = YES;
				CLANG_WARN_SUSPICIOUS_MOVE = YES;
				CLANG_WARN_UNGUARDED_AVAILABILITY = YES_AGGRESSIVE;
				CLANG_WARN_UNREACHABLE_CODE = YES;
				CLANG_WARN__DUPLICATE_METHOD_MATCH = YES;
				COPY_PHASE_STRIP = NO;
				DEBUG_INFORMATION_FORMAT = dwarf;
				ENABLE_STRICT_OBJC_MSGSEND = YES;
				ENABLE_TESTABILITY = YES;
				GCC_C_LANGUAGE_STANDARD = gnu11;
				GCC_DYNAMIC_NO_PIC = NO;
				GCC_NO_COMMON_BLOCKS = YES;
				GCC_OPTIMIZATION_LEVEL = 0;
				GCC_PREPROCESSOR_DEFINITIONS = (
					"DEBUG=1",
					"$(inherited)",
				);
				GCC_WARN_64_TO_32_BIT_CONVERSION = YES;
				GCC_WARN_ABOUT_RETURN_TYPE = YES_ERROR;
				GCC_WARN_UNDECLARED_SELECTOR = YES;
				GCC_WARN_UNINITIALIZED_AUTOS = YES_AGGRESSIVE;
				GCC_WARN_UNUSED_FUNCTION = YES;
				GCC_WARN_UNUSED_VARIABLE = YES;
				IPHONEOS_DEPLOYMENT_TARGET = 14.1;
				MTL_ENABLE_DEBUG_INFO = INCLUDE_SOURCE;
				MTL_FAST_MATH = YES;
				ONLY_ACTIVE_ARCH = YES;
				SDKROOT = iphoneos;
				SWIFT_ACTIVE_COMPILATION_CONDITIONS = DEBUG;
				SWIFT_OPTIMIZATION_LEVEL = "-Onone";
			};
			name = Debug;
		};
		B5C5D0372549FE9500CC030D /* Release */ = {
			isa = XCBuildConfiguration;
			buildSettings = {
				ALWAYS_SEARCH_USER_PATHS = NO;
				CLANG_ANALYZER_NONNULL = YES;
				CLANG_ANALYZER_NUMBER_OBJECT_CONVERSION = YES_AGGRESSIVE;
				CLANG_CXX_LANGUAGE_STANDARD = "gnu++14";
				CLANG_CXX_LIBRARY = "libc++";
				CLANG_ENABLE_MODULES = YES;
				CLANG_ENABLE_OBJC_ARC = YES;
				CLANG_ENABLE_OBJC_WEAK = YES;
				CLANG_WARN_BLOCK_CAPTURE_AUTORELEASING = YES;
				CLANG_WARN_BOOL_CONVERSION = YES;
				CLANG_WARN_COMMA = YES;
				CLANG_WARN_CONSTANT_CONVERSION = YES;
				CLANG_WARN_DEPRECATED_OBJC_IMPLEMENTATIONS = YES;
				CLANG_WARN_DIRECT_OBJC_ISA_USAGE = YES_ERROR;
				CLANG_WARN_DOCUMENTATION_COMMENTS = YES;
				CLANG_WARN_EMPTY_BODY = YES;
				CLANG_WARN_ENUM_CONVERSION = YES;
				CLANG_WARN_INFINITE_RECURSION = YES;
				CLANG_WARN_INT_CONVERSION = YES;
				CLANG_WARN_NON_LITERAL_NULL_CONVERSION = YES;
				CLANG_WARN_OBJC_IMPLICIT_RETAIN_SELF = YES;
				CLANG_WARN_OBJC_LITERAL_CONVERSION = YES;
				CLANG_WARN_OBJC_ROOT_CLASS = YES_ERROR;
				CLANG_WARN_QUOTED_INCLUDE_IN_FRAMEWORK_HEADER = YES;
				CLANG_WARN_RANGE_LOOP_ANALYSIS = YES;
				CLANG_WARN_STRICT_PROTOTYPES = YES;
				CLANG_WARN_SUSPICIOUS_MOVE = YES;
				CLANG_WARN_UNGUARDED_AVAILABILITY = YES_AGGRESSIVE;
				CLANG_WARN_UNREACHABLE_CODE = YES;
				CLANG_WARN__DUPLICATE_METHOD_MATCH = YES;
				COPY_PHASE_STRIP = NO;
				DEBUG_INFORMATION_FORMAT = "dwarf-with-dsym";
				ENABLE_NS_ASSERTIONS = NO;
				ENABLE_STRICT_OBJC_MSGSEND = YES;
				GCC_C_LANGUAGE_STANDARD = gnu11;
				GCC_NO_COMMON_BLOCKS = YES;
				GCC_WARN_64_TO_32_BIT_CONVERSION = YES;
				GCC_WARN_ABOUT_RETURN_TYPE = YES_ERROR;
				GCC_WARN_UNDECLARED_SELECTOR = YES;
				GCC_WARN_UNINITIALIZED_AUTOS = YES_AGGRESSIVE;
				GCC_WARN_UNUSED_FUNCTION = YES;
				GCC_WARN_UNUSED_VARIABLE = YES;
				IPHONEOS_DEPLOYMENT_TARGET = 14.1;
				MTL_ENABLE_DEBUG_INFO = NO;
				MTL_FAST_MATH = YES;
				SDKROOT = iphoneos;
				SWIFT_COMPILATION_MODE = wholemodule;
				SWIFT_OPTIMIZATION_LEVEL = "-O";
				VALIDATE_PRODUCT = YES;
			};
			name = Release;
		};
		B5C5D0392549FE9500CC030D /* Debug */ = {
			isa = XCBuildConfiguration;
			buildSettings = {
				ASSETCATALOG_COMPILER_APPICON_NAME = AppIcon;
				ASSETCATALOG_COMPILER_GLOBAL_ACCENT_COLOR_NAME = AccentColor;
				CODE_SIGN_STYLE = Automatic;
				DEVELOPMENT_ASSET_PATHS = "\"transitSwiftUIApp/Preview Content\"";
				DEVELOPMENT_TEAM = 9F482H5FKD;
				ENABLE_PREVIEWS = YES;
				INFOPLIST_FILE = transitSwiftUIApp/Info.plist;
				LD_RUNPATH_SEARCH_PATHS = (
					"$(inherited)",
					"@executable_path/Frameworks",
				);
				PRODUCT_BUNDLE_IDENTIFIER = test.transitSwiftUIApp;
				PRODUCT_NAME = "$(TARGET_NAME)";
				SWIFT_VERSION = 5.0;
				TARGETED_DEVICE_FAMILY = "1,2";
			};
			name = Debug;
		};
		B5C5D03A2549FE9500CC030D /* Release */ = {
			isa = XCBuildConfiguration;
			buildSettings = {
				ASSETCATALOG_COMPILER_APPICON_NAME = AppIcon;
				ASSETCATALOG_COMPILER_GLOBAL_ACCENT_COLOR_NAME = AccentColor;
				CODE_SIGN_STYLE = Automatic;
				DEVELOPMENT_ASSET_PATHS = "\"transitSwiftUIApp/Preview Content\"";
				DEVELOPMENT_TEAM = 9F482H5FKD;
				ENABLE_PREVIEWS = YES;
				INFOPLIST_FILE = transitSwiftUIApp/Info.plist;
				LD_RUNPATH_SEARCH_PATHS = (
					"$(inherited)",
					"@executable_path/Frameworks",
				);
				PRODUCT_BUNDLE_IDENTIFIER = test.transitSwiftUIApp;
				PRODUCT_NAME = "$(TARGET_NAME)";
				SWIFT_VERSION = 5.0;
				TARGETED_DEVICE_FAMILY = "1,2";
			};
			name = Release;
		};
/* End XCBuildConfiguration section */

/* Begin XCConfigurationList section */
		B5C5D01F2549FE9300CC030D /* Build configuration list for PBXProject "transitSwiftUIApp" */ = {
			isa = XCConfigurationList;
			buildConfigurations = (
				B5C5D0362549FE9500CC030D /* Debug */,
				B5C5D0372549FE9500CC030D /* Release */,
			);
			defaultConfigurationIsVisible = 0;
			defaultConfigurationName = Release;
		};
		B5C5D0382549FE9500CC030D /* Build configuration list for PBXNativeTarget "transitSwiftUIApp" */ = {
			isa = XCConfigurationList;
			buildConfigurations = (
				B5C5D0392549FE9500CC030D /* Debug */,
				B5C5D03A2549FE9500CC030D /* Release */,
			);
			defaultConfigurationIsVisible = 0;
			defaultConfigurationName = Release;
		};
/* End XCConfigurationList section */
	};
	rootObject = B5C5D01C2549FE9300CC030D /* Project object */;
}
